
Microsoft Visual Studio Solution File, Format Version 12.00
# Visual Studio 15
VisualStudioVersion = 15.0.28307.1259
MinimumVisualStudioVersion = 10.0.40219.1
Project("{9A19103F-16F7-4668-BE54-9A1E7A4F7556}") = "CatBot", "CAFFI's son\CatBot.csproj", "{24493A6D-9802-441B-B477-7AED1A373064}"
EndProject
Global
	GlobalSection(SolutionConfigurationPlatforms) = preSolution
		Debug|Any CPU = Debug|Any CPU
		Release|Any CPU = Release|Any CPU
	EndGlobalSection
	GlobalSection(ProjectConfigurationPlatforms) = postSolution
		{24493A6D-9802-441B-B477-7AED1A373064}.Debug|Any CPU.ActiveCfg = Debug|Any CPU
		{24493A6D-9802-441B-B477-7AED1A373064}.Debug|Any CPU.Build.0 = Debug|Any CPU
		{24493A6D-9802-441B-B477-7AED1A373064}.Release|Any CPU.ActiveCfg = Release|Any CPU
		{24493A6D-9802-441B-B477-7AED1A373064}.Release|Any CPU.Build.0 = Release|Any CPU
	EndGlobalSection
	GlobalSection(SolutionProperties) = preSolution
		HideSolutionNode = FALSE
	EndGlobalSection
	GlobalSection(ExtensibilityGlobals) = postSolution
		SolutionGuid = {32768926-A8FA-43D3-8CB9-75C9EBF317FA}
	EndGlobalSection
EndGlobal
